{
  "name": "agency",
  "version": "0.0.1",
  "lockfileVersion": 3,
  "requires": true,
  "packages": {
    "": {
      "name": "agency",
      "version": "0.0.1",
      "dependencies": {
        "@fontsource-variable/geist": "^5.3.0",
        "@fontsource-variable/geist-mono": "^5.3.0",
        "astro": "^5.17.3",
        "minisearch": "^7.2.0"
      },
      "devDependencies": {
        "@astrojs/sitemap": "^3.7.3",
        "@tailwindcss/typography": "^0.5.20",
        "@tailwindcss/vite": "^4.1.18",
        "playwright": "^1.62.1",
        "png-to-ico": "^3.0.2",
        "prettier": "^3.8.1",
        "prettier-plugin-astro": "^0.14.1",
        "prettier-plugin-tailwindcss": "^0.7.2",
        "sharp": "^0.35.3",
        "tailwindcss": "^4.1.18"
      }
    },
    "../../node_modules/.pnpm/@astrojs+sitemap@3.7.3/node_modules/@astrojs/sitemap": {
      "version": "3.7.3",
      "dev": true,
      "license": "MIT",
      "dependencies": {
        "sitemap": "^9.0.0",
        "stream-replace-string": "^2.0.0",
        "zod": "^4.3.6"
      },
      "devDependencies": {
        "@types/xml2js": "^0.4.14",
        "astro": "6.3.8",
        "astro-scripts": "0.0.14",
        "xml2js": "0.6.2"
      }
    },
    "../../node_modules/.pnpm/@fontsource-variable+geist-mono@5.3.0/node_modules/@fontsource-variable/geist-mono": {
      "version": "5.3.0",
      "license": "OFL-1.1",
      "funding": {
        "url": "https://github.com/sponsors/ayuhito"
      }
    },
    "../../node_modules/.pnpm/@fontsource-variable+geist@5.3.0/node_modules/@fontsource-variable/geist": {
      "version": "5.3.0",
      "license": "OFL-1.1",
      "funding": {
        "url": "https://github.com/sponsors/ayuhito"
      }
    },
    "../../node_modules/.pnpm/@tailwindcss+typography@0.5.20_tailwindcss@4.3.3/node_modules/@tailwindcss/typography": {
      "version": "0.5.20",
      "dev": true,
      "license": "MIT",
      "dependencies": {
        "postcss-selector-parser": "6.0.10"
      },
      "devDependencies": {
        "@mdx-js/loader": "^1.0.19",
        "@mdx-js/mdx": "^1.6.6",
        "@next/mdx": "^8.1.0",
        "autoprefixer": "^10.2.1",
        "highlight.js": "^10.4.1",
        "jest": "^29.7.0",
        "jest-diff": "^27.3.1",
        "next": "^12.0.1",
        "postcss": "^8.2.3",
        "prettier": "^2.1.2",
        "react": "^17.0.2",
        "react-dom": "^17.0.2",
        "tailwindcss": "^3.2.2"
      },
      "peerDependencies": {
        "tailwindcss": ">=3.0.0 || >=4.0.0 || insiders"
      }
    },
    "../../node_modules/.pnpm/@tailwindcss+vite@4.3.3_vite@6.4.3_@types+node@26.1.1_jiti@2.7.0_lightningcss@1.33.0_te_d171de11551c2496727853b258c97241/node_modules/@tailwindcss/vite": {
      "version": "4.3.3",
      "dev": true,
      "license": "MIT",
      "dependencies": {
        "@tailwindcss/node": "4.3.3",
        "@tailwindcss/oxide": "4.3.3",
        "tailwindcss": "4.3.3"
      },
      "devDependencies": {
        "@types/node": "22.19.21",
        "vite": "^8.1.2"
      },
      "peerDependencies": {
        "vite": "^5.2.0 || ^6 || ^7 || ^8"
      }
    },
    "../../node_modules/.pnpm/astro@5.18.2_@types+node@26.1.1_aws4fetch@1.0.20_jiti@2.7.0_lightningcss@1.33.0_rollup@_22245ade0bb20604c5e0f5584cbf7267/node_modules/astro": {
      "version": "5.18.2",
      "license": "MIT",
      "dependencies": {
        "@astrojs/compiler": "^2.13.0",
        "@astrojs/internal-helpers": "0.7.6",
        "@astrojs/markdown-remark": "6.3.11",
        "@astrojs/telemetry": "3.3.0",
        "@capsizecss/unpack": "^4.0.0",
        "@oslojs/encoding": "^1.1.0",
        "@rollup/pluginutils": "^5.3.0",
        "acorn": "^8.15.0",
        "aria-query": "^5.3.2",
        "axobject-query": "^4.1.0",
        "boxen": "8.0.1",
        "ci-info": "^4.3.1",
        "clsx": "^2.1.1",
        "common-ancestor-path": "^1.0.1",
        "cookie": "^1.1.1",
        "cssesc": "^3.0.0",
        "debug": "^4.4.3",
        "deterministic-object-hash": "^2.0.2",
        "devalue": "^5.6.2",
        "diff": "^8.0.3",
        "dlv": "^1.1.3",
        "dset": "^3.1.4",
        "es-module-lexer": "^1.7.0",
        "esbuild": "^0.27.3",
        "estree-walker": "^3.0.3",
        "flattie": "^1.1.1",
        "fontace": "~0.4.0",
        "github-slugger": "^2.0.0",
        "html-escaper": "3.0.3",
        "http-cache-semantics": "^4.2.0",
        "import-meta-resolve": "^4.2.0",
        "js-yaml": "^4.1.1",
        "magic-string": "^0.30.21",
        "magicast": "^0.5.1",
        "mrmime": "^2.0.1",
        "neotraverse": "^0.6.18",
        "p-limit": "^6.2.0",
        "p-queue": "^8.1.1",
        "package-manager-detector": "^1.6.0",
        "piccolore": "^0.1.3",
        "picomatch": "^4.0.3",
        "prompts": "^2.4.2",
        "rehype": "^13.0.2",
        "semver": "^7.7.3",
        "shiki": "^3.21.0",
        "smol-toml": "^1.6.0",
        "svgo": "^4.0.0",
        "tinyexec": "^1.0.2",
        "tinyglobby": "^0.2.15",
        "tsconfck": "^3.1.6",
        "ultrahtml": "^1.6.0",
        "unifont": "~0.7.3",
        "unist-util-visit": "^5.0.0",
        "unstorage": "^1.17.4",
        "vfile": "^6.0.3",
        "vite": "^6.4.1",
        "vitefu": "^1.1.1",
        "xxhash-wasm": "^1.1.0",
        "yargs-parser": "^21.1.1",
        "yocto-spinner": "^0.2.3",
        "zod": "^3.25.76",
        "zod-to-json-schema": "^3.25.1",
        "zod-to-ts": "^1.2.0"
      },
      "bin": {
        "astro": "astro.js"
      },
      "devDependencies": {
        "@astrojs/check": "0.9.6",
        "@playwright/test": "1.57.0",
        "@types/aria-query": "^5.0.4",
        "@types/common-ancestor-path": "^1.0.2",
        "@types/cssesc": "^3.0.2",
        "@types/debug": "^4.1.12",
        "@types/dlv": "^1.1.5",
        "@types/hast": "^3.0.4",
        "@types/html-escaper": "3.0.4",
        "@types/http-cache-semantics": "^4.0.4",
        "@types/js-yaml": "^4.0.9",
        "@types/picomatch": "^3.0.2",
        "@types/prompts": "^2.4.9",
        "@types/semver": "^7.7.1",
        "@types/yargs-parser": "^21.0.3",
        "astro-scripts": "0.0.14",
        "cheerio": "1.1.2",
        "eol": "^0.10.0",
        "expect-type": "^1.3.0",
        "fs-fixture": "^2.11.0",
        "mdast-util-mdx": "^3.0.0",
        "mdast-util-mdx-jsx": "^3.2.0",
        "node-mocks-http": "^1.17.2",
        "parse-srcset": "^1.0.2",
        "rehype-autolink-headings": "^7.1.0",
        "rehype-slug": "^6.0.0",
        "rehype-toc": "^3.0.2",
        "remark-code-titles": "^0.1.2",
        "rollup": "^4.55.1",
        "sass": "^1.97.2",
        "typescript": "^5.9.3",
        "undici": "^6.23.0",
        "unified": "^11.0.5",
        "vitest": "^3.2.4"
      },
      "engines": {
        "node": "18.20.8 || ^20.3.0 || >=22.0.0",
        "npm": ">=9.6.5",
        "pnpm": ">=7.1.0"
      },
      "funding": {
        "type": "opencollective",
        "url": "https://opencollective.com/astrodotbuild"
      },
      "optionalDependencies": {
        "sharp": "^0.34.0"
      }
    },
    "../../node_modules/.pnpm/playwright@1.62.1/node_modules/playwright": {
      "version": "1.62.1",
      "dev": true,
      "license": "Apache-2.0",
      "dependencies": {
        "playwright-core": "1.62.1"
      },
      "bin": {
        "playwright": "cli.js"
      },
      "engines": {
        "node": ">=20"
      },
      "optionalDependencies": {
        "fsevents": "2.3.2"
      }
    },
    "../../node_modules/.pnpm/png-to-ico@3.0.2/node_modules/png-to-ico": {
      "version": "3.0.2",
      "dev": true,
      "license": "MIT",
      "dependencies": {
        "@types/node": "^25.5.0",
        "minimist": "^1.2.8",
        "pngjs": "^7.0.0"
      },
      "bin": {
        "png-to-ico": "bin/cli.js"
      },
      "devDependencies": {
        "eslint": "^10.0.3",
        "globals": "^17.4.0"
      },
      "engines": {
        "node": ">=20"
      }
    },
    "../../node_modules/.pnpm/prettier-plugin-astro@0.14.1/node_modules/prettier-plugin-astro": {
      "version": "0.14.1",
      "dev": true,
      "license": "MIT",
      "dependencies": {
        "@astrojs/compiler": "^2.9.1",
        "prettier": "^3.0.0",
        "sass-formatter": "^0.7.6"
      },
      "devDependencies": {
        "@changesets/cli": "^2.26.1",
        "@rollup/plugin-commonjs": "^25.0.0",
        "@rollup/plugin-typescript": "^11.1.1",
        "@types/node": "^20.2.5",
        "@typescript-eslint/eslint-plugin": "^5.61.0",
        "@typescript-eslint/parser": "^5.61.0",
        "@vitest/ui": "^0.31.3",
        "eslint": "^8.44.0",
        "eslint-config-prettier": "^8.8.0",
        "eslint-plugin-prettier": "5.0.0-alpha.2",
        "eslint-plugin-prettier-doc": "^1.1.0",
        "rollup": "^3.23.0",
        "tslib": "^2.5.2",
        "typescript": "^5.0.4",
        "vite": "^4.4.3",
        "vitest": "^0.31.3"
      },
      "engines": {
        "node": "^14.15.0 || >=16.0.0"
      }
    },
    "../../node_modules/.pnpm/prettier-plugin-tailwindcss@0.7.4_@ianvs+prettier-plugin-sort-imports@4.7.1_prettier@3._e2ab708f3c2555ce9cf392e252096ccb/node_modules/prettier-plugin-tailwindcss": {
      "version": "0.7.4",
      "dev": true,
      "license": "MIT",
      "devDependencies": {
        "@babel/types": "^7.28.2",
        "@ianvs/prettier-plugin-sort-imports": "^4.7.0",
        "@microsoft/api-extractor": "^7.52.10",
        "@prettier/plugin-hermes": "^0.1.2",
        "@prettier/plugin-oxc": "^0.1.2",
        "@prettier/plugin-pug": "^3.4.2",
        "@shopify/prettier-plugin-liquid": "^1.10.0",
        "@trivago/prettier-plugin-sort-imports": "^6.0.0",
        "@types/node": "^24.3.0",
        "@zackad/prettier-plugin-twig": "^0.16.0",
        "ast-types": "^0.14.2",
        "clear-module": "^4.1.2",
        "cpy-cli": "^6.0.0",
        "dedent": "^1.6.0",
        "enhanced-resolve": "^5.18.3",
        "esbuild": "^0.25.9",
        "escalade": "^3.2.0",
        "import-sort-style-module": "^6.0.0",
        "jiti": "^2.6.0",
        "jsesc": "^3.1.0",
        "license-checker": "^25.0.1",
        "line-column": "^1.0.2",
        "marko": "^5.37.46",
        "postcss": "^8.5.6",
        "postcss-import": "^16.1.1",
        "prettier": "^3.7.3",
        "prettier-plugin-astro": "^0.14.1",
        "prettier-plugin-css-order": "^2.1.2",
        "prettier-plugin-jsdoc": "^1.3.3",
        "prettier-plugin-marko": "^3.3.2",
        "prettier-plugin-multiline-arrays": "^4.0.3",
        "prettier-plugin-organize-attributes": "^1.0.0",
        "prettier-plugin-organize-imports": "^4.2.0",
        "prettier-plugin-sort-imports": "^1.8.8",
        "prettier-plugin-svelte": "^3.4.0",
        "recast": "0.20.5",
        "resolve-from": "^5.0.0",
        "rimraf": "^6.0.1",
        "svelte": "^5.38.2",
        "tailwindcss-v3": "npm:tailwindcss@^3.4.18",
        "tailwindcss-v4": "npm:tailwindcss@^4.1.14",
        "tsup": "^8.5.0",
        "vitest": "^3.2.4"
      },
      "engines": {
        "node": ">=20.19"
      },
      "peerDependencies": {
        "@ianvs/prettier-plugin-sort-imports": "*",
        "@prettier/plugin-hermes": "*",
        "@prettier/plugin-oxc": "*",
        "@prettier/plugin-pug": "*",
        "@shopify/prettier-plugin-liquid": "*",
        "@trivago/prettier-plugin-sort-imports": "*",
        "@zackad/prettier-plugin-twig": "*",
        "prettier": "^3.0",
        "prettier-plugin-astro": "*",
        "prettier-plugin-css-order": "*",
        "prettier-plugin-jsdoc": "*",
        "prettier-plugin-marko": "*",
        "prettier-plugin-multiline-arrays": "*",
        "prettier-plugin-organize-attributes": "*",
        "prettier-plugin-organize-imports": "*",
        "prettier-plugin-sort-imports": "*",
        "prettier-plugin-svelte": "*"
      },
      "peerDependenciesMeta": {
        "@ianvs/prettier-plugin-sort-imports": {
          "optional": true
        },
        "@prettier/plugin-hermes": {
          "optional": true
        },
        "@prettier/plugin-oxc": {
          "optional": true
        },
        "@prettier/plugin-pug": {
          "optional": true
        },
        "@shopify/prettier-plugin-liquid": {
          "optional": true
        },
        "@trivago/prettier-plugin-sort-imports": {
          "optional": true
        },
        "@zackad/prettier-plugin-twig": {
          "optional": true
        },
        "prettier-plugin-astro": {
          "optional": true
        },
        "prettier-plugin-css-order": {
          "optional": true
        },
        "prettier-plugin-jsdoc": {
          "optional": true
        },
        "prettier-plugin-marko": {
          "optional": true
        },
        "prettier-plugin-multiline-arrays": {
          "optional": true
        },
        "prettier-plugin-organize-attributes": {
          "optional": true
        },
        "prettier-plugin-organize-imports": {
          "optional": true
        },
        "prettier-plugin-sort-imports": {
          "optional": true
        },
        "prettier-plugin-svelte": {
          "optional": true
        }
      }
    },
    "../../node_modules/.pnpm/prettier@3.9.6/node_modules/prettier": {
      "version": "3.9.6",
      "dev": true,
      "license": "MIT",
      "bin": {
        "prettier": "bin/prettier.cjs"
      },
      "engines": {
        "node": ">=14"
      },
      "funding": {
        "url": "https://github.com/prettier/prettier?sponsor=1"
      }
    },
    "../../node_modules/.pnpm/sharp@0.35.3_@types+node@26.1.1/node_modules/sharp": {
      "version": "0.35.3",
      "dev": true,
      "license": "Apache-2.0",
      "dependencies": {
        "@img/colour": "^1.1.0",
        "detect-libc": "^2.1.2",
        "semver": "^7.8.5"
      },
      "devDependencies": {
        "@biomejs/biome": "^2.5.1",
        "@cpplint/cli": "^0.1.0",
        "@emnapi/runtime": "^1.11.1",
        "@img/sharp-libvips-dev": "1.3.2",
        "@img/sharp-libvips-dev-wasm32": "1.3.2",
        "@img/sharp-libvips-win32-arm64": "1.3.2",
        "@img/sharp-libvips-win32-ia32": "1.3.2",
        "@img/sharp-libvips-win32-x64": "1.3.2",
        "@types/node": "*",
        "emnapi": "^1.11.1",
        "exif-reader": "^2.0.3",
        "extract-zip": "^2.0.1",
        "icc": "^4.0.0",
        "node-addon-api": "^8.9.0",
        "node-gyp": "^12.4.0",
        "publint": "^0.3.21",
        "tar-fs": "^3.1.3",
        "tsd": "^0.33.0"
      },
      "engines": {
        "node": ">=20.9.0"
      },
      "funding": {
        "url": "https://opencollective.com/libvips"
      },
      "optionalDependencies": {
        "@img/sharp-darwin-arm64": "0.35.3",
        "@img/sharp-darwin-x64": "0.35.3",
        "@img/sharp-freebsd-wasm32": "0.35.3",
        "@img/sharp-libvips-darwin-arm64": "1.3.2",
        "@img/sharp-libvips-darwin-x64": "1.3.2",
        "@img/sharp-libvips-linux-arm": "1.3.2",
        "@img/sharp-libvips-linux-arm64": "1.3.2",
        "@img/sharp-libvips-linux-ppc64": "1.3.2",
        "@img/sharp-libvips-linux-riscv64": "1.3.2",
        "@img/sharp-libvips-linux-s390x": "1.3.2",
        "@img/sharp-libvips-linux-x64": "1.3.2",
        "@img/sharp-libvips-linuxmusl-arm64": "1.3.2",
        "@img/sharp-libvips-linuxmusl-x64": "1.3.2",
        "@img/sharp-linux-arm": "0.35.3",
        "@img/sharp-linux-arm64": "0.35.3",
        "@img/sharp-linux-ppc64": "0.35.3",
        "@img/sharp-linux-riscv64": "0.35.3",
        "@img/sharp-linux-s390x": "0.35.3",
        "@img/sharp-linux-x64": "0.35.3",
        "@img/sharp-linuxmusl-arm64": "0.35.3",
        "@img/sharp-linuxmusl-x64": "0.35.3",
        "@img/sharp-webcontainers-wasm32": "0.35.3",
        "@img/sharp-win32-arm64": "0.35.3",
        "@img/sharp-win32-ia32": "0.35.3",
        "@img/sharp-win32-x64": "0.35.3"
      },
      "peerDependenciesMeta": {
        "@types/node": {
          "optional": true
        }
      }
    },
    "../../node_modules/.pnpm/tailwindcss@4.3.3/node_modules/tailwindcss": {
      "version": "4.3.3",
      "dev": true,
      "license": "MIT",
      "devDependencies": {
        "@jridgewell/remapping": "^2.3.5",
        "@tailwindcss/oxide": "^4.3.3",
        "@types/node": "22.19.21",
        "dedent": "1.7.2",
        "lightningcss": "1.32.0",
        "magic-string": "^0.30.21",
        "source-map-js": "^1.2.1"
      }
    },
    "node_modules/@astrojs/sitemap": {
      "resolved": "../../node_modules/.pnpm/@astrojs+sitemap@3.7.3/node_modules/@astrojs/sitemap",
      "link": true
    },
    "node_modules/@fontsource-variable/geist": {
      "resolved": "../../node_modules/.pnpm/@fontsource-variable+geist@5.3.0/node_modules/@fontsource-variable/geist",
      "link": true
    },
    "node_modules/@fontsource-variable/geist-mono": {
      "resolved": "../../node_modules/.pnpm/@fontsource-variable+geist-mono@5.3.0/node_modules/@fontsource-variable/geist-mono",
      "link": true
    },
    "node_modules/@tailwindcss/typography": {
      "resolved": "../../node_modules/.pnpm/@tailwindcss+typography@0.5.20_tailwindcss@4.3.3/node_modules/@tailwindcss/typography",
      "link": true
    },
    "node_modules/@tailwindcss/vite": {
      "resolved": "../../node_modules/.pnpm/@tailwindcss+vite@4.3.3_vite@6.4.3_@types+node@26.1.1_jiti@2.7.0_lightningcss@1.33.0_te_d171de11551c2496727853b258c97241/node_modules/@tailwindcss/vite",
      "link": true
    },
    "node_modules/astro": {
      "resolved": "../../node_modules/.pnpm/astro@5.18.2_@types+node@26.1.1_aws4fetch@1.0.20_jiti@2.7.0_lightningcss@1.33.0_rollup@_22245ade0bb20604c5e0f5584cbf7267/node_modules/astro",
      "link": true
    },
    "node_modules/minisearch": {
      "version": "7.2.0",
      "resolved": "https://registry.npmjs.org/minisearch/-/minisearch-7.2.0.tgz",
      "integrity": "sha512-dqT2XBYUOZOiC5t2HRnwADjhNS2cecp9u+TJRiJ1Qp/f5qjkeT5APcGPjHw+bz89Ms8Jp+cG4AlE+QZ/QnDglg==",
      "license": "MIT"
    },
    "node_modules/playwright": {
      "resolved": "../../node_modules/.pnpm/playwright@1.62.1/node_modules/playwright",
      "link": true
    },
    "node_modules/png-to-ico": {
      "resolved": "../../node_modules/.pnpm/png-to-ico@3.0.2/node_modules/png-to-ico",
      "link": true
    },
    "node_modules/prettier": {
      "resolved": "../../node_modules/.pnpm/prettier@3.9.6/node_modules/prettier",
      "link": true
    },
    "node_modules/prettier-plugin-astro": {
      "resolved": "../../node_modules/.pnpm/prettier-plugin-astro@0.14.1/node_modules/prettier-plugin-astro",
      "link": true
    },
    "node_modules/prettier-plugin-tailwindcss": {
      "resolved": "../../node_modules/.pnpm/prettier-plugin-tailwindcss@0.7.4_@ianvs+prettier-plugin-sort-imports@4.7.1_prettier@3._e2ab708f3c2555ce9cf392e252096ccb/node_modules/prettier-plugin-tailwindcss",
      "link": true
    },
    "node_modules/sharp": {
      "resolved": "../../node_modules/.pnpm/sharp@0.35.3_@types+node@26.1.1/node_modules/sharp",
      "link": true
    },
    "node_modules/tailwindcss": {
      "resolved": "../../node_modules/.pnpm/tailwindcss@4.3.3/node_modules/tailwindcss",
      "link": true
    }
  }
}
